
Microsoft Visual Studio Solution File, Format Version 12.00
# Visual Studio Version 16
VisualStudioVersion = 16.0.29424.173
MinimumVisualStudioVersion = 15.0.26124.0
Project("{2150E333-8FDC-42A3-9474-1A3956D46DE8}") = "src", "src", "{F7A172D7-163E-46C0-B889-0B6CB0ABED1B}"
EndProject
Project("{2150E333-8FDC-42A3-9474-1A3956D46DE8}") = "Application", "Application", "{BFEBCC34-CB1A-47FF-90D8-2C3F93FBE13F}"
EndProject
Project("{2150E333-8FDC-42A3-9474-1A3956D46DE8}") = "Domain", "Domain", "{8EACBF61-61C2-4D8A-97C0-14C3070D20C0}"
EndProject
Project("{2150E333-8FDC-42A3-9474-1A3956D46DE8}") = "Infrastructure", "Infrastructure", "{58C4E071-862E-4C31-804D-B9B2AB72CA8D}"
EndProject
Project("{2150E333-8FDC-42A3-9474-1A3956D46DE8}") = "Platform", "Platform", "{5B3C9AD1-D473-4DD1-9A1B-EFD26C858A68}"
EndProject
Project("{9A19103F-16F7-4668-BE54-9A1E7A4F7556}") = "TM.PartnerStores.Domain", "src\Domain\TM.PartnerStores.Domain\TM.PartnerStores.Domain.csproj", "{4DFF970C-AFB5-4754-9E5E-3F3B9BC1C6FC}"
EndProject
Project("{9A19103F-16F7-4668-BE54-9A1E7A4F7556}") = "TM.PartnerStores.Repository.MongoDB", "src\Infrastructure\TM.PartnerStores.Repository.MongoDB\TM.PartnerStores.Repository.MongoDB.csproj", "{921A2D0F-9DCB-4B4C-B5ED-54C21CCC558B}"
EndProject
Project("{FAE04EC0-301F-11D3-BF4B-00C04F79EFBC}") = "TM.PartnerStores.Application", "src\Application\TM.PartnerStores.Application\TM.PartnerStores.Application.csproj", "{8F6831CB-B0D8-4C37-AB5D-90EAD4A4EE30}"
EndProject
Project("{2150E333-8FDC-42A3-9474-1A3956D46DE8}") = "CrossCutting", "CrossCutting", "{C21EF0D1-5BFA-4CDA-8DCB-142B0E77FBBD}"
EndProject
Project("{FAE04EC0-301F-11D3-BF4B-00C04F79EFBC}") = "TM.PartnerStores.IoC", "src\Infrastructure\TM.PartnerStores.IoC\TM.PartnerStores.IoC.csproj", "{D4F1D22B-83DA-4C6A-BABB-213AEA9F1049}"
EndProject
Project("{FAE04EC0-301F-11D3-BF4B-00C04F79EFBC}") = "TM.PartnerStores.Platform", "src\Platform\TM.PartnerStores.Platform\TM.PartnerStores.Platform.csproj", "{6C633BD6-BFF9-448F-99E4-3FA4EAA77416}"
EndProject
Global
	GlobalSection(SolutionConfigurationPlatforms) = preSolution
		Debug|Any CPU = Debug|Any CPU
		Debug|x64 = Debug|x64
		Debug|x86 = Debug|x86
		Release|Any CPU = Release|Any CPU
		Release|x64 = Release|x64
		Release|x86 = Release|x86
	EndGlobalSection
	GlobalSection(ProjectConfigurationPlatforms) = postSolution
		{4DFF970C-AFB5-4754-9E5E-3F3B9BC1C6FC}.Debug|Any CPU.ActiveCfg = Debug|Any CPU
		{4DFF970C-AFB5-4754-9E5E-3F3B9BC1C6FC}.Debug|Any CPU.Build.0 = Debug|Any CPU
		{4DFF970C-AFB5-4754-9E5E-3F3B9BC1C6FC}.Debug|x64.ActiveCfg = Debug|Any CPU
		{4DFF970C-AFB5-4754-9E5E-3F3B9BC1C6FC}.Debug|x64.Build.0 = Debug|Any CPU
		{4DFF970C-AFB5-4754-9E5E-3F3B9BC1C6FC}.Debug|x86.ActiveCfg = Debug|Any CPU
		{4DFF970C-AFB5-4754-9E5E-3F3B9BC1C6FC}.Debug|x86.Build.0 = Debug|Any CPU
		{4DFF970C-AFB5-4754-9E5E-3F3B9BC1C6FC}.Release|Any CPU.ActiveCfg = Release|Any CPU
		{4DFF970C-AFB5-4754-9E5E-3F3B9BC1C6FC}.Release|Any CPU.Build.0 = Release|Any CPU
		{4DFF970C-AFB5-4754-9E5E-3F3B9BC1C6FC}.Release|x64.ActiveCfg = Release|Any CPU
		{4DFF970C-AFB5-4754-9E5E-3F3B9BC1C6FC}.Release|x64.Build.0 = Release|Any CPU
		{4DFF970C-AFB5-4754-9E5E-3F3B9BC1C6FC}.Release|x86.ActiveCfg = Release|Any CPU
		{4DFF970C-AFB5-4754-9E5E-3F3B9BC1C6FC}.Release|x86.Build.0 = Release|Any CPU
		{921A2D0F-9DCB-4B4C-B5ED-54C21CCC558B}.Debug|Any CPU.ActiveCfg = Debug|Any CPU
		{921A2D0F-9DCB-4B4C-B5ED-54C21CCC558B}.Debug|Any CPU.Build.0 = Debug|Any CPU
		{921A2D0F-9DCB-4B4C-B5ED-54C21CCC558B}.Debug|x64.ActiveCfg = Debug|Any CPU
		{921A2D0F-9DCB-4B4C-B5ED-54C21CCC558B}.Debug|x64.Build.0 = Debug|Any CPU
		{921A2D0F-9DCB-4B4C-B5ED-54C21CCC558B}.Debug|x86.ActiveCfg = Debug|Any CPU
		{921A2D0F-9DCB-4B4C-B5ED-54C21CCC558B}.Debug|x86.Build.0 = Debug|Any CPU
		{921A2D0F-9DCB-4B4C-B5ED-54C21CCC558B}.Release|Any CPU.ActiveCfg = Release|Any CPU
		{921A2D0F-9DCB-4B4C-B5ED-54C21CCC558B}.Release|Any CPU.Build.0 = Release|Any CPU
		{921A2D0F-9DCB-4B4C-B5ED-54C21CCC558B}.Release|x64.ActiveCfg = Release|Any CPU
		{921A2D0F-9DCB-4B4C-B5ED-54C21CCC558B}.Release|x64.Build.0 = Release|Any CPU
		{921A2D0F-9DCB-4B4C-B5ED-54C21CCC558B}.Release|x86.ActiveCfg = Release|Any CPU
		{921A2D0F-9DCB-4B4C-B5ED-54C21CCC558B}.Release|x86.Build.0 = Release|Any CPU
		{8F6831CB-B0D8-4C37-AB5D-90EAD4A4EE30}.Debug|Any CPU.ActiveCfg = Debug|Any CPU
		{8F6831CB-B0D8-4C37-AB5D-90EAD4A4EE30}.Debug|Any CPU.Build.0 = Debug|Any CPU
		{8F6831CB-B0D8-4C37-AB5D-90EAD4A4EE30}.Debug|x64.ActiveCfg = Debug|Any CPU
		{8F6831CB-B0D8-4C37-AB5D-90EAD4A4EE30}.Debug|x64.Build.0 = Debug|Any CPU
		{8F6831CB-B0D8-4C37-AB5D-90EAD4A4EE30}.Debug|x86.ActiveCfg = Debug|Any CPU
		{8F6831CB-B0D8-4C37-AB5D-90EAD4A4EE30}.Debug|x86.Build.0 = Debug|Any CPU
		{8F6831CB-B0D8-4C37-AB5D-90EAD4A4EE30}.Release|Any CPU.ActiveCfg = Release|Any CPU
		{8F6831CB-B0D8-4C37-AB5D-90EAD4A4EE30}.Release|Any CPU.Build.0 = Release|Any CPU
		{8F6831CB-B0D8-4C37-AB5D-90EAD4A4EE30}.Release|x64.ActiveCfg = Release|Any CPU
		{8F6831CB-B0D8-4C37-AB5D-90EAD4A4EE30}.Release|x64.Build.0 = Release|Any CPU
		{8F6831CB-B0D8-4C37-AB5D-90EAD4A4EE30}.Release|x86.ActiveCfg = Release|Any CPU
		{8F6831CB-B0D8-4C37-AB5D-90EAD4A4EE30}.Release|x86.Build.0 = Release|Any CPU
		{D4F1D22B-83DA-4C6A-BABB-213AEA9F1049}.Debug|Any CPU.ActiveCfg = Debug|Any CPU
		{D4F1D22B-83DA-4C6A-BABB-213AEA9F1049}.Debug|Any CPU.Build.0 = Debug|Any CPU
		{D4F1D22B-83DA-4C6A-BABB-213AEA9F1049}.Debug|x64.ActiveCfg = Debug|Any CPU
		{D4F1D22B-83DA-4C6A-BABB-213AEA9F1049}.Debug|x64.Build.0 = Debug|Any CPU
		{D4F1D22B-83DA-4C6A-BABB-213AEA9F1049}.Debug|x86.ActiveCfg = Debug|Any CPU
		{D4F1D22B-83DA-4C6A-BABB-213AEA9F1049}.Debug|x86.Build.0 = Debug|Any CPU
		{D4F1D22B-83DA-4C6A-BABB-213AEA9F1049}.Release|Any CPU.ActiveCfg = Release|Any CPU
		{D4F1D22B-83DA-4C6A-BABB-213AEA9F1049}.Release|Any CPU.Build.0 = Release|Any CPU
		{D4F1D22B-83DA-4C6A-BABB-213AEA9F1049}.Release|x64.ActiveCfg = Release|Any CPU
		{D4F1D22B-83DA-4C6A-BABB-213AEA9F1049}.Release|x64.Build.0 = Release|Any CPU
		{D4F1D22B-83DA-4C6A-BABB-213AEA9F1049}.Release|x86.ActiveCfg = Release|Any CPU
		{D4F1D22B-83DA-4C6A-BABB-213AEA9F1049}.Release|x86.Build.0 = Release|Any CPU
		{6C633BD6-BFF9-448F-99E4-3FA4EAA77416}.Debug|Any CPU.ActiveCfg = Debug|Any CPU
		{6C633BD6-BFF9-448F-99E4-3FA4EAA77416}.Debug|Any CPU.Build.0 = Debug|Any CPU
		{6C633BD6-BFF9-448F-99E4-3FA4EAA77416}.Debug|x64.ActiveCfg = Debug|Any CPU
		{6C633BD6-BFF9-448F-99E4-3FA4EAA77416}.Debug|x64.Build.0 = Debug|Any CPU
		{6C633BD6-BFF9-448F-99E4-3FA4EAA77416}.Debug|x86.ActiveCfg = Debug|Any CPU
		{6C633BD6-BFF9-448F-99E4-3FA4EAA77416}.Debug|x86.Build.0 = Debug|Any CPU
		{6C633BD6-BFF9-448F-99E4-3FA4EAA77416}.Release|Any CPU.ActiveCfg = Release|Any CPU
		{6C633BD6-BFF9-448F-99E4-3FA4EAA77416}.Release|Any CPU.Build.0 = Release|Any CPU
		{6C633BD6-BFF9-448F-99E4-3FA4EAA77416}.Release|x64.ActiveCfg = Release|Any CPU
		{6C633BD6-BFF9-448F-99E4-3FA4EAA77416}.Release|x64.Build.0 = Release|Any CPU
		{6C633BD6-BFF9-448F-99E4-3FA4EAA77416}.Release|x86.ActiveCfg = Release|Any CPU
		{6C633BD6-BFF9-448F-99E4-3FA4EAA77416}.Release|x86.Build.0 = Release|Any CPU
	EndGlobalSection
	GlobalSection(SolutionProperties) = preSolution
		HideSolutionNode = FALSE
	EndGlobalSection
	GlobalSection(NestedProjects) = preSolution
		{BFEBCC34-CB1A-47FF-90D8-2C3F93FBE13F} = {F7A172D7-163E-46C0-B889-0B6CB0ABED1B}
		{8EACBF61-61C2-4D8A-97C0-14C3070D20C0} = {F7A172D7-163E-46C0-B889-0B6CB0ABED1B}
		{58C4E071-862E-4C31-804D-B9B2AB72CA8D} = {F7A172D7-163E-46C0-B889-0B6CB0ABED1B}
		{5B3C9AD1-D473-4DD1-9A1B-EFD26C858A68} = {F7A172D7-163E-46C0-B889-0B6CB0ABED1B}
		{4DFF970C-AFB5-4754-9E5E-3F3B9BC1C6FC} = {8EACBF61-61C2-4D8A-97C0-14C3070D20C0}
		{921A2D0F-9DCB-4B4C-B5ED-54C21CCC558B} = {58C4E071-862E-4C31-804D-B9B2AB72CA8D}
		{8F6831CB-B0D8-4C37-AB5D-90EAD4A4EE30} = {BFEBCC34-CB1A-47FF-90D8-2C3F93FBE13F}
		{C21EF0D1-5BFA-4CDA-8DCB-142B0E77FBBD} = {58C4E071-862E-4C31-804D-B9B2AB72CA8D}
		{D4F1D22B-83DA-4C6A-BABB-213AEA9F1049} = {C21EF0D1-5BFA-4CDA-8DCB-142B0E77FBBD}
		{6C633BD6-BFF9-448F-99E4-3FA4EAA77416} = {5B3C9AD1-D473-4DD1-9A1B-EFD26C858A68}
	EndGlobalSection
	GlobalSection(ExtensibilityGlobals) = postSolution
		SolutionGuid = {C4A02381-1485-49A7-923C-03C428C395EE}
	EndGlobalSection
EndGlobal
